
Microsoft Visual Studio Solution File, Format Version 12.00
# Visual Studio 14
VisualStudioVersion = 14.0.25420.1
MinimumVisualStudioVersion = 10.0.40219.1
Project("{F2A71F9B-5D33-465A-A702-920D77279786}") = "LearningFs", "LearningFs\LearningFs.fsproj", "{D3329D21-30E1-4B08-A1DC-2D3F901F0B60}"
EndProject
Project("{FAE04EC0-301F-11D3-BF4B-00C04F79EFBC}") = "UnitTests", "UnitTests\UnitTests.csproj", "{398D41B2-AA3A-4789-9631-038255531241}"
EndProject
Project("{F2A71F9B-5D33-465A-A702-920D77279786}") = "FsUnitTests", "FsUnitTests\FsUnitTests.fsproj", "{8DD83ACF-69BA-4E19-B23A-2BEDB14E03EF}"
EndProject
Global
	GlobalSection(SolutionConfigurationPlatforms) = preSolution
		Debug|Any CPU = Debug|Any CPU
		Release|Any CPU = Release|Any CPU
	EndGlobalSection
	GlobalSection(ProjectConfigurationPlatforms) = postSolution
		{D3329D21-30E1-4B08-A1DC-2D3F901F0B60}.Debug|Any CPU.ActiveCfg = Debug|Any CPU
		{D3329D21-30E1-4B08-A1DC-2D3F901F0B60}.Debug|Any CPU.Build.0 = Debug|Any CPU
		{D3329D21-30E1-4B08-A1DC-2D3F901F0B60}.Release|Any CPU.ActiveCfg = Release|Any CPU
		{D3329D21-30E1-4B08-A1DC-2D3F901F0B60}.Release|Any CPU.Build.0 = Release|Any CPU
		{398D41B2-AA3A-4789-9631-038255531241}.Debug|Any CPU.ActiveCfg = Debug|Any CPU
		{398D41B2-AA3A-4789-9631-038255531241}.Debug|Any CPU.Build.0 = Debug|Any CPU
		{398D41B2-AA3A-4789-9631-038255531241}.Release|Any CPU.ActiveCfg = Release|Any CPU
		{398D41B2-AA3A-4789-9631-038255531241}.Release|Any CPU.Build.0 = Release|Any CPU
		{8DD83ACF-69BA-4E19-B23A-2BEDB14E03EF}.Debug|Any CPU.ActiveCfg = Debug|Any CPU
		{8DD83ACF-69BA-4E19-B23A-2BEDB14E03EF}.Debug|Any CPU.Build.0 = Debug|Any CPU
		{8DD83ACF-69BA-4E19-B23A-2BEDB14E03EF}.Release|Any CPU.ActiveCfg = Release|Any CPU
		{8DD83ACF-69BA-4E19-B23A-2BEDB14E03EF}.Release|Any CPU.Build.0 = Release|Any CPU
	EndGlobalSection
	GlobalSection(SolutionProperties) = preSolution
		HideSolutionNode = FALSE
	EndGlobalSection
EndGlobal
